
Microsoft Visual Studio Solution File, Format Version 12.00
# Visual Studio Version 17
VisualStudioVersion = 17.13.35806.99 d17.13
MinimumVisualStudioVersion = 10.0.40219.1
Project("{FAE04EC0-301F-11D3-BF4B-00C04F79EFBC}") = "GSB_NetCore", "GSB_NetCore.csproj", "{942924D8-5CA4-44EB-8F61-EA4450D321BA}"
EndProject
Global
	GlobalSection(SolutionConfigurationPlatforms) = preSolution
		Debug|Any CPU = Debug|Any CPU
		Release|Any CPU = Release|Any CPU
	EndGlobalSection
	GlobalSection(ProjectConfigurationPlatforms) = postSolution
		{942924D8-5CA4-44EB-8F61-EA4450D321BA}.Debug|Any CPU.ActiveCfg = Debug|Any CPU
		{942924D8-5CA4-44EB-8F61-EA4450D321BA}.Debug|Any CPU.Build.0 = Debug|Any CPU
		{942924D8-5CA4-44EB-8F61-EA4450D321BA}.Release|Any CPU.ActiveCfg = Release|Any CPU
		{942924D8-5CA4-44EB-8F61-EA4450D321BA}.Release|Any CPU.Build.0 = Release|Any CPU
	EndGlobalSection
	GlobalSection(SolutionProperties) = preSolution
		HideSolutionNode = FALSE
	EndGlobalSection
	GlobalSection(ExtensibilityGlobals) = postSolution
		SolutionGuid = {33AE8575-586C-4A5C-A291-4B48A661FD00}
	EndGlobalSection
EndGlobal
